
Microsoft Visual Studio Solution File, Format Version 12.00
# Visual Studio Version 16
VisualStudioVersion = 16.0.30225.117
MinimumVisualStudioVersion = 10.0.40219.1
Project("{9A19103F-16F7-4668-BE54-9A1E7A4F7556}") = "RickAndMorty", "RickAndMorty\RickAndMorty.csproj", "{6323934B-2459-44BD-B377-8C4FA5B7586A}"
EndProject
Project("{9A19103F-16F7-4668-BE54-9A1E7A4F7556}") = "RickAndMorty.Tests", "RickAndMorty.Tests\RickAndMorty.Tests.csproj", "{E206AFA9-0523-4D1B-BC76-FE3BB7AE9C24}"
EndProject
Project("{2150E333-8FDC-42A3-9474-1A3956D46DE8}") = "SolutionItems", "SolutionItems", "{EF2F8E8D-5026-43DF-BA88-030E1C16B87C}"
	ProjectSection(SolutionItems) = preProject
		rickmorty.qube.ruleset = rickmorty.qube.ruleset
		rickmorty.ruleset = rickmorty.ruleset
		sonarqube.ruleset = sonarqube.ruleset
	EndProjectSection
EndProject
Global
	GlobalSection(SolutionConfigurationPlatforms) = preSolution
		Debug|Any CPU = Debug|Any CPU
		Release|Any CPU = Release|Any CPU
	EndGlobalSection
	GlobalSection(ProjectConfigurationPlatforms) = postSolution
		{6323934B-2459-44BD-B377-8C4FA5B7586A}.Debug|Any CPU.ActiveCfg = Development|Any CPU
		{6323934B-2459-44BD-B377-8C4FA5B7586A}.Debug|Any CPU.Build.0 = Development|Any CPU
		{6323934B-2459-44BD-B377-8C4FA5B7586A}.Release|Any CPU.ActiveCfg = Production|Any CPU
		{6323934B-2459-44BD-B377-8C4FA5B7586A}.Release|Any CPU.Build.0 = Production|Any CPU
		{E206AFA9-0523-4D1B-BC76-FE3BB7AE9C24}.Debug|Any CPU.ActiveCfg = Debug|Any CPU
		{E206AFA9-0523-4D1B-BC76-FE3BB7AE9C24}.Debug|Any CPU.Build.0 = Debug|Any CPU
		{E206AFA9-0523-4D1B-BC76-FE3BB7AE9C24}.Release|Any CPU.ActiveCfg = TEST|Any CPU
		{E206AFA9-0523-4D1B-BC76-FE3BB7AE9C24}.Release|Any CPU.Build.0 = TEST|Any CPU
	EndGlobalSection
	GlobalSection(SolutionProperties) = preSolution
		HideSolutionNode = FALSE
	EndGlobalSection
	GlobalSection(ExtensibilityGlobals) = postSolution
		SolutionGuid = {1E111D3F-EA1C-409D-A7BA-AF607477C9B3}
	EndGlobalSection
EndGlobal
